// !$*UTF8*$!
{
	archiveVersion = 1;
	classes = {
	};
	objectVersion = 50;
	objects = {

/* Begin PBXBuildFile section */
		045482F62623018B00D528EA /* ContentView.swift in Sources */ = {isa = PBXBuildFile; fileRef = 045482F52623018B00D528EA /* ContentView.swift */; };
		045482F82623018D00D528EA /* Assets.xcassets in Resources */ = {isa = PBXBuildFile; fileRef = 045482F72623018D00D528EA /* Assets.xcassets */; };
		045482FB2623018D00D528EA /* Preview Assets.xcassets in Resources */ = {isa = PBXBuildFile; fileRef = 045482FA2623018D00D528EA /* Preview Assets.xcassets */; };
		04548306262302E100D528EA /* AppDelegate.swift in Sources */ = {isa = PBXBuildFile; fileRef = 04548305262302E100D528EA /* AppDelegate.swift */; };
		045483092623059E00D528EA /* ObservableDataExample.swift in Sources */ = {isa = PBXBuildFile; fileRef = 045483082623059E00D528EA /* ObservableDataExample.swift */; };
		0454830E2623259200D528EA /* HashPassApp.swift in Sources */ = {isa = PBXBuildFile; fileRef = 0454830D2623259200D528EA /* HashPassApp.swift */; };
		04548311262332CE00D528EA /* IdentifiableData.swift in Sources */ = {isa = PBXBuildFile; fileRef = 04548310262332CE00D528EA /* IdentifiableData.swift */; };
/* End PBXBuildFile section */

/* Begin PBXFileReference section */
		045482F02623018B00D528EA /* hash-pass.app */ = {isa = PBXFileReference; explicitFileType = wrapper.application; includeInIndex = 0; path = "hash-pass.app"; sourceTree = BUILT_PRODUCTS_DIR; };
		045482F52623018B00D528EA /* ContentView.swift */ = {isa = PBXFileReference; lastKnownFileType = sourcecode.swift; path = ContentView.swift; sourceTree = "<group>"; };
		045482F72623018D00D528EA /* Assets.xcassets */ = {isa = PBXFileReference; lastKnownFileType = folder.assetcatalog; path = Assets.xcassets; sourceTree = "<group>"; };
		045482FA2623018D00D528EA /* Preview Assets.xcassets */ = {isa = PBXFileReference; lastKnownFileType = folder.assetcatalog; path = "Preview Assets.xcassets"; sourceTree = "<group>"; };
		045482FC2623018D00D528EA /* Info.plist */ = {isa = PBXFileReference; lastKnownFileType = text.plist.xml; path = Info.plist; sourceTree = "<group>"; };
		045482FD2623018D00D528EA /* hash_pass.entitlements */ = {isa = PBXFileReference; lastKnownFileType = text.plist.entitlements; path = hash_pass.entitlements; sourceTree = "<group>"; };
		04548305262302E100D528EA /* AppDelegate.swift */ = {isa = PBXFileReference; lastKnownFileType = sourcecode.swift; path = AppDelegate.swift; sourceTree = "<group>"; };
		045483082623059E00D528EA /* ObservableDataExample.swift */ = {isa = PBXFileReference; lastKnownFileType = sourcecode.swift; path = ObservableDataExample.swift; sourceTree = "<group>"; };
		0454830D2623259200D528EA /* HashPassApp.swift */ = {isa = PBXFileReference; lastKnownFileType = sourcecode.swift; path = HashPassApp.swift; sourceTree = "<group>"; };
		04548310262332CE00D528EA /* IdentifiableData.swift */ = {isa = PBXFileReference; lastKnownFileType = sourcecode.swift; path = IdentifiableData.swift; sourceTree = "<group>"; };
/* End PBXFileReference section */

/* Begin PBXFrameworksBuildPhase section */
		045482ED2623018B00D528EA /* Frameworks */ = {
			isa = PBXFrameworksBuildPhase;
			buildActionMask = 2147483647;
			files = (
			);
			runOnlyForDeploymentPostprocessing = 0;
		};
/* End PBXFrameworksBuildPhase section */

/* Begin PBXGroup section */
		045482E72623018B00D528EA = {
			isa = PBXGroup;
			children = (
				045482F22623018B00D528EA /* hash-pass */,
				045482F12623018B00D528EA /* Products */,
			);
			sourceTree = "<group>";
		};
		045482F12623018B00D528EA /* Products */ = {
			isa = PBXGroup;
			children = (
				045482F02623018B00D528EA /* hash-pass.app */,
			);
			name = Products;
			sourceTree = "<group>";
		};
		045482F22623018B00D528EA /* hash-pass */ = {
			isa = PBXGroup;
			children = (
				045482F52623018B00D528EA /* ContentView.swift */,
				045482F72623018D00D528EA /* Assets.xcassets */,
				045482FC2623018D00D528EA /* Info.plist */,
				045482FD2623018D00D528EA /* hash_pass.entitlements */,
				045482F92623018D00D528EA /* Preview Content */,
				04548305262302E100D528EA /* AppDelegate.swift */,
				045483082623059E00D528EA /* ObservableDataExample.swift */,
				0454830D2623259200D528EA /* HashPassApp.swift */,
				04548310262332CE00D528EA /* IdentifiableData.swift */,
			);
			path = "hash-pass";
			sourceTree = "<group>";
		};
		045482F92623018D00D528EA /* Preview Content */ = {
			isa = PBXGroup;
			children = (
				045482FA2623018D00D528EA /* Preview Assets.xcassets */,
			);
			path = "Preview Content";
			sourceTree = "<group>";
		};
/* End PBXGroup section */

/* Begin PBXNativeTarget section */
		045482EF2623018B00D528EA /* hash-pass */ = {
			isa = PBXNativeTarget;
			buildConfigurationList = 045483002623018D00D528EA /* Build configuration list for PBXNativeTarget "hash-pass" */;
			buildPhases = (
				045482EC2623018B00D528EA /* Sources */,
				045482ED2623018B00D528EA /* Frameworks */,
				045482EE2623018B00D528EA /* Resources */,
			);
			buildRules = (
			);
			dependencies = (
			);
			name = "hash-pass";
			productName = "hash-pass";
			productReference = 045482F02623018B00D528EA /* hash-pass.app */;
			productType = "com.apple.product-type.application";
		};
/* End PBXNativeTarget section */

/* Begin PBXProject section */
		045482E82623018B00D528EA /* Project object */ = {
			isa = PBXProject;
			attributes = {
				LastSwiftUpdateCheck = 1240;
				LastUpgradeCheck = 1240;
				TargetAttributes = {
					045482EF2623018B00D528EA = {
						CreatedOnToolsVersion = 12.4;
					};
				};
			};
			buildConfigurationList = 045482EB2623018B00D528EA /* Build configuration list for PBXProject "hash-pass" */;
			compatibilityVersion = "Xcode 9.3";
			developmentRegion = en;
			hasScannedForEncodings = 0;
			knownRegions = (
				en,
				Base,
			);
			mainGroup = 045482E72623018B00D528EA;
			productRefGroup = 045482F12623018B00D528EA /* Products */;
			projectDirPath = "";
			projectRoot = "";
			targets = (
				045482EF2623018B00D528EA /* hash-pass */,
			);
		};
/* End PBXProject section */

/* Begin PBXResourcesBuildPhase section */
		045482EE2623018B00D528EA /* Resources */ = {
			isa = PBXResourcesBuildPhase;
			buildActionMask = 2147483647;
			files = (
				045482FB2623018D00D528EA /* Preview Assets.xcassets in Resources */,
				045482F82623018D00D528EA /* Assets.xcassets in Resources */,
			);
			runOnlyForDeploymentPostprocessing = 0;
		};
/* End PBXResourcesBuildPhase section */

/* Begin PBXSourcesBuildPhase section */
		045482EC2623018B00D528EA /* Sources */ = {
			isa = PBXSourcesBuildPhase;
			buildActionMask = 2147483647;
			files = (
				0454830E2623259200D528EA /* HashPassApp.swift in Sources */,
				04548311262332CE00D528EA /* IdentifiableData.swift in Sources */,
				04548306262302E100D528EA /* AppDelegate.swift in Sources */,
				045483092623059E00D528EA /* ObservableDataExample.swift in Sources */,
				045482F62623018B00D528EA /* ContentView.swift in Sources */,
			);
			runOnlyForDeploymentPostprocessing = 0;
		};
/* End PBXSourcesBuildPhase section */

/* Begin XCBuildConfiguration section */
		045482FE2623018D00D528EA /* Debug */ = {
			isa = XCBuildConfiguration;
			buildSettings = {
				ALWAYS_SEARCH_USER_PATHS = NO;
				CLANG_ANALYZER_NONNULL = YES;
				CLANG_ANALYZER_NUMBER_OBJECT_CONVERSION = YES_AGGRESSIVE;
				CLANG_CXX_LANGUAGE_STANDARD = "gnu++14";
				CLANG_CXX_LIBRARY = "libc++";
				CLANG_ENABLE_MODULES = YES;
				CLANG_ENABLE_OBJC_ARC = YES;
				CLANG_ENABLE_OBJC_WEAK = YES;
				CLANG_WARN_BLOCK_CAPTURE_AUTORELEASING = YES;
				CLANG_WARN_BOOL_CONVERSION = YES;
				CLANG_WARN_COMMA = YES;
				CLANG_WARN_CONSTANT_CONVERSION = YES;
				CLANG_WARN_DEPRECATED_OBJC_IMPLEMENTATIONS = YES;
				CLANG_WARN_DIRECT_OBJC_ISA_USAGE = YES_ERROR;
				CLANG_WARN_DOCUMENTATION_COMMENTS = YES;
				CLANG_WARN_EMPTY_BODY = YES;
				CLANG_WARN_ENUM_CONVERSION = YES;
				CLANG_WARN_INFINITE_RECURSION = YES;
				CLANG_WARN_INT_CONVERSION = YES;
				CLANG_WARN_NON_LITERAL_NULL_CONVERSION = YES;
				CLANG_WARN_OBJC_IMPLICIT_RETAIN_SELF = YES;
				CLANG_WARN_OBJC_LITERAL_CONVERSION = YES;
				CLANG_WARN_OBJC_ROOT_CLASS = YES_ERROR;
				CLANG_WARN_QUOTED_INCLUDE_IN_FRAMEWORK_HEADER = YES;
				CLANG_WARN_RANGE_LOOP_ANALYSIS = YES;
				CLANG_WARN_STRICT_PROTOTYPES = YES;
				CLANG_WARN_SUSPICIOUS_MOVE = YES;
				CLANG_WARN_UNGUARDED_AVAILABILITY = YES_AGGRESSIVE;
				CLANG_WARN_UNREACHABLE_CODE = YES;
				CLANG_WARN__DUPLICATE_METHOD_MATCH = YES;
				COPY_PHASE_STRIP = NO;
				DEBUG_INFORMATION_FORMAT = dwarf;
				ENABLE_STRICT_OBJC_MSGSEND = YES;
				ENABLE_TESTABILITY = YES;
				GCC_C_LANGUAGE_STANDARD = gnu11;
				GCC_DYNAMIC_NO_PIC = NO;
				GCC_NO_COMMON_BLOCKS = YES;
				GCC_OPTIMIZATION_LEVEL = 0;
				GCC_PREPROCESSOR_DEFINITIONS = (
					"DEBUG=1",
					"$(inherited)",
				);
				GCC_WARN_64_TO_32_BIT_CONVERSION = YES;
				GCC_WARN_ABOUT_RETURN_TYPE = YES_ERROR;
				GCC_WARN_UNDECLARED_SELECTOR = YES;
				GCC_WARN_UNINITIALIZED_AUTOS = YES_AGGRESSIVE;
				GCC_WARN_UNUSED_FUNCTION = YES;
				GCC_WARN_UNUSED_VARIABLE = YES;
				MACOSX_DEPLOYMENT_TARGET = 11.1;
				MTL_ENABLE_DEBUG_INFO = INCLUDE_SOURCE;
				MTL_FAST_MATH = YES;
				ONLY_ACTIVE_ARCH = YES;
				SDKROOT = macosx;
				SWIFT_ACTIVE_COMPILATION_CONDITIONS = DEBUG;
				SWIFT_OPTIMIZATION_LEVEL = "-Onone";
			};
			name = Debug;
		};
		045482FF2623018D00D528EA /* Release */ = {
			isa = XCBuildConfiguration;
			buildSettings = {
				ALWAYS_SEARCH_USER_PATHS = NO;
				CLANG_ANALYZER_NONNULL = YES;
				CLANG_ANALYZER_NUMBER_OBJECT_CONVERSION = YES_AGGRESSIVE;
				CLANG_CXX_LANGUAGE_STANDARD = "gnu++14";
				CLANG_CXX_LIBRARY = "libc++";
				CLANG_ENABLE_MODULES = YES;
				CLANG_ENABLE_OBJC_ARC = YES;
				CLANG_ENABLE_OBJC_WEAK = YES;
				CLANG_WARN_BLOCK_CAPTURE_AUTORELEASING = YES;
				CLANG_WARN_BOOL_CONVERSION = YES;
				CLANG_WARN_COMMA = YES;
				CLANG_WARN_CONSTANT_CONVERSION = YES;
				CLANG_WARN_DEPRECATED_OBJC_IMPLEMENTATIONS = YES;
				CLANG_WARN_DIRECT_OBJC_ISA_USAGE = YES_ERROR;
				CLANG_WARN_DOCUMENTATION_COMMENTS = YES;
				CLANG_WARN_EMPTY_BODY = YES;
				CLANG_WARN_ENUM_CONVERSION = YES;
				CLANG_WARN_INFINITE_RECURSION = YES;
				CLANG_WARN_INT_CONVERSION = YES;
				CLANG_WARN_NON_LITERAL_NULL_CONVERSION = YES;
				CLANG_WARN_OBJC_IMPLICIT_RETAIN_SELF = YES;
				CLANG_WARN_OBJC_LITERAL_CONVERSION = YES;
				CLANG_WARN_OBJC_ROOT_CLASS = YES_ERROR;
				CLANG_WARN_QUOTED_INCLUDE_IN_FRAMEWORK_HEADER = YES;
				CLANG_WARN_RANGE_LOOP_ANALYSIS = YES;
				CLANG_WARN_STRICT_PROTOTYPES = YES;
				CLANG_WARN_SUSPICIOUS_MOVE = YES;
				CLANG_WARN_UNGUARDED_AVAILABILITY = YES_AGGRESSIVE;
				CLANG_WARN_UNREACHABLE_CODE = YES;
				CLANG_WARN__DUPLICATE_METHOD_MATCH = YES;
				COPY_PHASE_STRIP = NO;
				DEBUG_INFORMATION_FORMAT = "dwarf-with-dsym";
				ENABLE_NS_ASSERTIONS = NO;
				ENABLE_STRICT_OBJC_MSGSEND = YES;
				GCC_C_LANGUAGE_STANDARD = gnu11;
				GCC_NO_COMMON_BLOCKS = YES;
				GCC_WARN_64_TO_32_BIT_CONVERSION = YES;
				GCC_WARN_ABOUT_RETURN_TYPE = YES_ERROR;
				GCC_WARN_UNDECLARED_SELECTOR = YES;
				GCC_WARN_UNINITIALIZED_AUTOS = YES_AGGRESSIVE;
				GCC_WARN_UNUSED_FUNCTION = YES;
				GCC_WARN_UNUSED_VARIABLE = YES;
				MACOSX_DEPLOYMENT_TARGET = 11.1;
				MTL_ENABLE_DEBUG_INFO = NO;
				MTL_FAST_MATH = YES;
				SDKROOT = macosx;
				SWIFT_COMPILATION_MODE = wholemodule;
				SWIFT_OPTIMIZATION_LEVEL = "-O";
			};
			name = Release;
		};
		045483012623018D00D528EA /* Debug */ = {
			isa = XCBuildConfiguration;
			buildSettings = {
				ASSETCATALOG_COMPILER_APPICON_NAME = AppIcon;
				ASSETCATALOG_COMPILER_GLOBAL_ACCENT_COLOR_NAME = AccentColor;
				CODE_SIGN_ENTITLEMENTS = "hash-pass/hash_pass.entitlements";
				CODE_SIGN_STYLE = Automatic;
				COMBINE_HIDPI_IMAGES = YES;
				DEVELOPMENT_ASSET_PATHS = "\"hash-pass/Preview Content\"";
				DEVELOPMENT_TEAM = T69L663W32;
				ENABLE_HARDENED_RUNTIME = YES;
				ENABLE_PREVIEWS = YES;
				INFOPLIST_FILE = "hash-pass/Info.plist";
				LD_RUNPATH_SEARCH_PATHS = (
					"$(inherited)",
					"@executable_path/../Frameworks",
				);
				MACOSX_DEPLOYMENT_TARGET = 11.0;
				PRODUCT_BUNDLE_IDENTIFIER = "io.enqvist.hash-pass";
				PRODUCT_NAME = "$(TARGET_NAME)";
				SWIFT_VERSION = 5.0;
			};
			name = Debug;
		};
		045483022623018D00D528EA /* Release */ = {
			isa = XCBuildConfiguration;
			buildSettings = {
				ASSETCATALOG_COMPILER_APPICON_NAME = AppIcon;
				ASSETCATALOG_COMPILER_GLOBAL_ACCENT_COLOR_NAME = AccentColor;
				CODE_SIGN_ENTITLEMENTS = "hash-pass/hash_pass.entitlements";
				CODE_SIGN_STYLE = Automatic;
				COMBINE_HIDPI_IMAGES = YES;
				DEVELOPMENT_ASSET_PATHS = "\"hash-pass/Preview Content\"";
				DEVELOPMENT_TEAM = T69L663W32;
				ENABLE_HARDENED_RUNTIME = YES;
				ENABLE_PREVIEWS = YES;
				INFOPLIST_FILE = "hash-pass/Info.plist";
				LD_RUNPATH_SEARCH_PATHS = (
					"$(inherited)",
					"@executable_path/../Frameworks",
				);
				MACOSX_DEPLOYMENT_TARGET = 11.0;
				PRODUCT_BUNDLE_IDENTIFIER = "io.enqvist.hash-pass";
				PRODUCT_NAME = "$(TARGET_NAME)";
				SWIFT_VERSION = 5.0;
			};
			name = Release;
		};
/* End XCBuildConfiguration section */

/* Begin XCConfigurationList section */
		045482EB2623018B00D528EA /* Build configuration list for PBXProject "hash-pass" */ = {
			isa = XCConfigurationList;
			buildConfigurations = (
				045482FE2623018D00D528EA /* Debug */,
				045482FF2623018D00D528EA /* Release */,
			);
			defaultConfigurationIsVisible = 0;
			defaultConfigurationName = Release;
		};
		045483002623018D00D528EA /* Build configuration list for PBXNativeTarget "hash-pass" */ = {
			isa = XCConfigurationList;
			buildConfigurations = (
				045483012623018D00D528EA /* Debug */,
				045483022623018D00D528EA /* Release */,
			);
			defaultConfigurationIsVisible = 0;
			defaultConfigurationName = Release;
		};
/* End XCConfigurationList section */
	};
	rootObject = 045482E82623018B00D528EA /* Project object */;
}
